PODS:
  - Alamofire (4.7.3)
  - SwiftLint (0.28.1)

DEPENDENCIES:
  - Alamofire (~> 4.7)
  - SwiftLint

SPEC REPOS:
  https://github.com/cocoapods/specs.git:
    - Alamofire
    - SwiftLint

SPEC CHECKSUMS:
  Alamofire: c7287b6e5d7da964a70935e5db17046b7fde6568
  SwiftLint: 7f5f7de0da74a649b16616cb5246ae323489656e

PODFILE CHECKSUM: 01d1116712c18f2aeff182ebbbcbb1fc73a13d17

COCOAPODS: 1.5.3
