// !$*UTF8*$!
{
	archiveVersion = 1;
	classes = {
	};
	objectVersion = 50;
	objects = {

/* Begin PBXBuildFile section */
		2F658DDC21C3D4BF00906A86 /* StationTableViewCellViewController.swift in Sources */ = {isa = PBXBuildFile; fileRef = 2F658DDB21C3D4BF00906A86 /* StationTableViewCellViewController.swift */; };
		2FBD67E721A5204900C209DC /* AppDelegate.swift in Sources */ = {isa = PBXBuildFile; fileRef = 2FBD67E621A5204900C209DC /* AppDelegate.swift */; };
		2FBD67E921A5204900C209DC /* SelectStationViewController.swift in Sources */ = {isa = PBXBuildFile; fileRef = 2FBD67E821A5204900C209DC /* SelectStationViewController.swift */; };
		2FBD67EC21A5204900C209DC /* Main.storyboard in Resources */ = {isa = PBXBuildFile; fileRef = 2FBD67EA21A5204900C209DC /* Main.storyboard */; };
		2FBD67EE21A5204B00C209DC /* Assets.xcassets in Resources */ = {isa = PBXBuildFile; fileRef = 2FBD67ED21A5204B00C209DC /* Assets.xcassets */; };
		2FBD67F121A5204B00C209DC /* LaunchScreen.storyboard in Resources */ = {isa = PBXBuildFile; fileRef = 2FBD67EF21A5204B00C209DC /* LaunchScreen.storyboard */; };
		2FBD67FC21A5204B00C209DC /* TripInfoTests.swift in Sources */ = {isa = PBXBuildFile; fileRef = 2FBD67FB21A5204B00C209DC /* TripInfoTests.swift */; };
		62F60CD52ABAAA3F0BC0E562 /* Pods_TripInfoTests.framework in Frameworks */ = {isa = PBXBuildFile; fileRef = 87F8D4774178680CA8750443 /* Pods_TripInfoTests.framework */; };
		DBDDD24D82B888FCB00EC3DA /* Pods_TripInfo.framework in Frameworks */ = {isa = PBXBuildFile; fileRef = 62E6EC254445F00B68360E0E /* Pods_TripInfo.framework */; };
/* End PBXBuildFile section */

/* Begin PBXContainerItemProxy section */
		2FBD67F821A5204B00C209DC /* PBXContainerItemProxy */ = {
			isa = PBXContainerItemProxy;
			containerPortal = 2FBD67DB21A5204900C209DC /* Project object */;
			proxyType = 1;
			remoteGlobalIDString = 2FBD67E221A5204900C209DC;
			remoteInfo = TripInfo;
		};
/* End PBXContainerItemProxy section */

/* Begin PBXFileReference section */
		0AFB803D5D52E982C97F1A6E /* Pods-TripInfo.debug.xcconfig */ = {isa = PBXFileReference; includeInIndex = 1; lastKnownFileType = text.xcconfig; name = "Pods-TripInfo.debug.xcconfig"; path = "Pods/Target Support Files/Pods-TripInfo/Pods-TripInfo.debug.xcconfig"; sourceTree = "<group>"; };
		2F658DDB21C3D4BF00906A86 /* StationTableViewCellViewController.swift */ = {isa = PBXFileReference; lastKnownFileType = sourcecode.swift; path = StationTableViewCellViewController.swift; sourceTree = "<group>"; };
		2FBD67E321A5204900C209DC /* TripInfo.app */ = {isa = PBXFileReference; explicitFileType = wrapper.application; includeInIndex = 0; path = TripInfo.app; sourceTree = BUILT_PRODUCTS_DIR; };
		2FBD67E621A5204900C209DC /* AppDelegate.swift */ = {isa = PBXFileReference; lastKnownFileType = sourcecode.swift; path = AppDelegate.swift; sourceTree = "<group>"; };
		2FBD67E821A5204900C209DC /* SelectStationViewController.swift */ = {isa = PBXFileReference; lastKnownFileType = sourcecode.swift; path = SelectStationViewController.swift; sourceTree = "<group>"; };
		2FBD67EB21A5204900C209DC /* Base */ = {isa = PBXFileReference; lastKnownFileType = file.storyboard; name = Base; path = Base.lproj/Main.storyboard; sourceTree = "<group>"; };
		2FBD67ED21A5204B00C209DC /* Assets.xcassets */ = {isa = PBXFileReference; lastKnownFileType = folder.assetcatalog; path = Assets.xcassets; sourceTree = "<group>"; };
		2FBD67F021A5204B00C209DC /* Base */ = {isa = PBXFileReference; lastKnownFileType = file.storyboard; name = Base; path = Base.lproj/LaunchScreen.storyboard; sourceTree = "<group>"; };
		2FBD67F221A5204B00C209DC /* Info.plist */ = {isa = PBXFileReference; lastKnownFileType = text.plist.xml; path = Info.plist; sourceTree = "<group>"; };
		2FBD67F721A5204B00C209DC /* TripInfoTests.xctest */ = {isa = PBXFileReference; explicitFileType = wrapper.cfbundle; includeInIndex = 0; path = TripInfoTests.xctest; sourceTree = BUILT_PRODUCTS_DIR; };
		2FBD67FB21A5204B00C209DC /* TripInfoTests.swift */ = {isa = PBXFileReference; lastKnownFileType = sourcecode.swift; path = TripInfoTests.swift; sourceTree = "<group>"; };
		2FBD67FD21A5204B00C209DC /* Info.plist */ = {isa = PBXFileReference; lastKnownFileType = text.plist.xml; path = Info.plist; sourceTree = "<group>"; };
		62E6EC254445F00B68360E0E /* Pods_TripInfo.framework */ = {isa = PBXFileReference; explicitFileType = wrapper.framework; includeInIndex = 0; path = Pods_TripInfo.framework; sourceTree = BUILT_PRODUCTS_DIR; };
		6A0B21B0D661C393899F516D /* Pods-TripInfoTests.release.xcconfig */ = {isa = PBXFileReference; includeInIndex = 1; lastKnownFileType = text.xcconfig; name = "Pods-TripInfoTests.release.xcconfig"; path = "Pods/Target Support Files/Pods-TripInfoTests/Pods-TripInfoTests.release.xcconfig"; sourceTree = "<group>"; };
		87F8D4774178680CA8750443 /* Pods_TripInfoTests.framework */ = {isa = PBXFileReference; explicitFileType = wrapper.framework; includeInIndex = 0; path = Pods_TripInfoTests.framework; sourceTree = BUILT_PRODUCTS_DIR; };
		BFC7E4B925491FE074C65FC8 /* Pods-TripInfo.release.xcconfig */ = {isa = PBXFileReference; includeInIndex = 1; lastKnownFileType = text.xcconfig; name = "Pods-TripInfo.release.xcconfig"; path = "Pods/Target Support Files/Pods-TripInfo/Pods-TripInfo.release.xcconfig"; sourceTree = "<group>"; };
		E2DA6B1D0338E74B80E1ABC7 /* Pods-TripInfoTests.debug.xcconfig */ = {isa = PBXFileReference; includeInIndex = 1; lastKnownFileType = text.xcconfig; name = "Pods-TripInfoTests.debug.xcconfig"; path = "Pods/Target Support Files/Pods-TripInfoTests/Pods-TripInfoTests.debug.xcconfig"; sourceTree = "<group>"; };
/* End PBXFileReference section */

/* Begin PBXFrameworksBuildPhase section */
		2FBD67E021A5204900C209DC /* Frameworks */ = {
			isa = PBXFrameworksBuildPhase;
			buildActionMask = 2147483647;
			files = (
				DBDDD24D82B888FCB00EC3DA /* Pods_TripInfo.framework in Frameworks */,
			);
			runOnlyForDeploymentPostprocessing = 0;
		};
		2FBD67F421A5204B00C209DC /* Frameworks */ = {
			isa = PBXFrameworksBuildPhase;
			buildActionMask = 2147483647;
			files = (
				62F60CD52ABAAA3F0BC0E562 /* Pods_TripInfoTests.framework in Frameworks */,
			);
			runOnlyForDeploymentPostprocessing = 0;
		};
/* End PBXFrameworksBuildPhase section */

/* Begin PBXGroup section */
		2F658DDD21C3D4CB00906A86 /* SelectStatkonView */ = {
			isa = PBXGroup;
			children = (
				2FBD67E821A5204900C209DC /* SelectStationViewController.swift */,
				2F658DDB21C3D4BF00906A86 /* StationTableViewCellViewController.swift */,
			);
			path = SelectStatkonView;
			sourceTree = "<group>";
		};
		2FBD67DA21A5204900C209DC = {
			isa = PBXGroup;
			children = (
				2FBD67E521A5204900C209DC /* TripInfo */,
				2FBD67FA21A5204B00C209DC /* TripInfoTests */,
				2FBD67E421A5204900C209DC /* Products */,
				91F6BD3C012876613C454F23 /* Pods */,
				3C8CC95C632C42617276CFB8 /* Frameworks */,
			);
			sourceTree = "<group>";
		};
		2FBD67E421A5204900C209DC /* Products */ = {
			isa = PBXGroup;
			children = (
				2FBD67E321A5204900C209DC /* TripInfo.app */,
				2FBD67F721A5204B00C209DC /* TripInfoTests.xctest */,
			);
			name = Products;
			sourceTree = "<group>";
		};
		2FBD67E521A5204900C209DC /* TripInfo */ = {
			isa = PBXGroup;
			children = (
				2F658DDD21C3D4CB00906A86 /* SelectStatkonView */,
				2FBD67E621A5204900C209DC /* AppDelegate.swift */,
				2FBD67EA21A5204900C209DC /* Main.storyboard */,
				2FBD67ED21A5204B00C209DC /* Assets.xcassets */,
				2FBD67EF21A5204B00C209DC /* LaunchScreen.storyboard */,
				2FBD67F221A5204B00C209DC /* Info.plist */,
			);
			path = TripInfo;
			sourceTree = "<group>";
		};
		2FBD67FA21A5204B00C209DC /* TripInfoTests */ = {
			isa = PBXGroup;
			children = (
				2FBD67FB21A5204B00C209DC /* TripInfoTests.swift */,
				2FBD67FD21A5204B00C209DC /* Info.plist */,
			);
			path = TripInfoTests;
			sourceTree = "<group>";
		};
		3C8CC95C632C42617276CFB8 /* Frameworks */ = {
			isa = PBXGroup;
			children = (
				62E6EC254445F00B68360E0E /* Pods_TripInfo.framework */,
				87F8D4774178680CA8750443 /* Pods_TripInfoTests.framework */,
			);
			name = Frameworks;
			sourceTree = "<group>";
		};
		91F6BD3C012876613C454F23 /* Pods */ = {
			isa = PBXGroup;
			children = (
				0AFB803D5D52E982C97F1A6E /* Pods-TripInfo.debug.xcconfig */,
				BFC7E4B925491FE074C65FC8 /* Pods-TripInfo.release.xcconfig */,
				E2DA6B1D0338E74B80E1ABC7 /* Pods-TripInfoTests.debug.xcconfig */,
				6A0B21B0D661C393899F516D /* Pods-TripInfoTests.release.xcconfig */,
			);
			name = Pods;
			sourceTree = "<group>";
		};
/* End PBXGroup section */

/* Begin PBXNativeTarget section */
		2FBD67E221A5204900C209DC /* TripInfo */ = {
			isa = PBXNativeTarget;
			buildConfigurationList = 2FBD680021A5204B00C209DC /* Build configuration list for PBXNativeTarget "TripInfo" */;
			buildPhases = (
				A226F5BC5D671CD48696935F /* [CP] Check Pods Manifest.lock */,
				2FBD67DF21A5204900C209DC /* Sources */,
				2FBD67E021A5204900C209DC /* Frameworks */,
				2FBD67E121A5204900C209DC /* Resources */,
				53979C7AF10DD729FC5D5F6D /* [CP] Embed Pods Frameworks */,
				2FBD685421A7D9180069E06A /* ShellScript */,
			);
			buildRules = (
			);
			dependencies = (
			);
			name = TripInfo;
			productName = TripInfo;
			productReference = 2FBD67E321A5204900C209DC /* TripInfo.app */;
			productType = "com.apple.product-type.application";
		};
		2FBD67F621A5204B00C209DC /* TripInfoTests */ = {
			isa = PBXNativeTarget;
			buildConfigurationList = 2FBD680321A5204B00C209DC /* Build configuration list for PBXNativeTarget "TripInfoTests" */;
			buildPhases = (
				C1C04DD0350CF49C240DD897 /* [CP] Check Pods Manifest.lock */,
				2FBD67F321A5204B00C209DC /* Sources */,
				2FBD67F421A5204B00C209DC /* Frameworks */,
				2FBD67F521A5204B00C209DC /* Resources */,
			);
			buildRules = (
			);
			dependencies = (
				2FBD67F921A5204B00C209DC /* PBXTargetDependency */,
			);
			name = TripInfoTests;
			productName = TripInfoTests;
			productReference = 2FBD67F721A5204B00C209DC /* TripInfoTests.xctest */;
			productType = "com.apple.product-type.bundle.unit-test";
		};
/* End PBXNativeTarget section */

/* Begin PBXProject section */
		2FBD67DB21A5204900C209DC /* Project object */ = {
			isa = PBXProject;
			attributes = {
				LastSwiftUpdateCheck = 1010;
				LastUpgradeCheck = 1010;
				ORGANIZATIONNAME = "Vignesh Sankaran";
				TargetAttributes = {
					2FBD67E221A5204900C209DC = {
						CreatedOnToolsVersion = 10.1;
					};
					2FBD67F621A5204B00C209DC = {
						CreatedOnToolsVersion = 10.1;
						TestTargetID = 2FBD67E221A5204900C209DC;
					};
				};
			};
			buildConfigurationList = 2FBD67DE21A5204900C209DC /* Build configuration list for PBXProject "TripInfo" */;
			compatibilityVersion = "Xcode 9.3";
			developmentRegion = en;
			hasScannedForEncodings = 0;
			knownRegions = (
				en,
				Base,
			);
			mainGroup = 2FBD67DA21A5204900C209DC;
			productRefGroup = 2FBD67E421A5204900C209DC /* Products */;
			projectDirPath = "";
			projectRoot = "";
			targets = (
				2FBD67E221A5204900C209DC /* TripInfo */,
				2FBD67F621A5204B00C209DC /* TripInfoTests */,
			);
		};
/* End PBXProject section */

/* Begin PBXResourcesBuildPhase section */
		2FBD67E121A5204900C209DC /* Resources */ = {
			isa = PBXResourcesBuildPhase;
			buildActionMask = 2147483647;
			files = (
				2FBD67F121A5204B00C209DC /* LaunchScreen.storyboard in Resources */,
				2FBD67EE21A5204B00C209DC /* Assets.xcassets in Resources */,
				2FBD67EC21A5204900C209DC /* Main.storyboard in Resources */,
			);
			runOnlyForDeploymentPostprocessing = 0;
		};
		2FBD67F521A5204B00C209DC /* Resources */ = {
			isa = PBXResourcesBuildPhase;
			buildActionMask = 2147483647;
			files = (
			);
			runOnlyForDeploymentPostprocessing = 0;
		};
/* End PBXResourcesBuildPhase section */

/* Begin PBXShellScriptBuildPhase section */
		2FBD685421A7D9180069E06A /* ShellScript */ = {
			isa = PBXShellScriptBuildPhase;
			buildActionMask = 2147483647;
			files = (
			);
			inputFileListPaths = (
			);
			inputPaths = (
			);
			outputFileListPaths = (
			);
			outputPaths = (
			);
			runOnlyForDeploymentPostprocessing = 0;
			shellPath = /bin/sh;
			shellScript = "if which swiftlint >/dev/null; then\n    swiftlint\nelse\n    echo \"warning: SwiftLint not installed, download from https://github.com/realm/SwiftLint\"\nfi\n";
		};
		53979C7AF10DD729FC5D5F6D /* [CP] Embed Pods Frameworks */ = {
			isa = PBXShellScriptBuildPhase;
			buildActionMask = 2147483647;
			files = (
			);
			inputPaths = (
				"${SRCROOT}/Pods/Target Support Files/Pods-TripInfo/Pods-TripInfo-frameworks.sh",
				"${BUILT_PRODUCTS_DIR}/Alamofire/Alamofire.framework",
			);
			name = "[CP] Embed Pods Frameworks";
			outputPaths = (
				"${TARGET_BUILD_DIR}/${FRAMEWORKS_FOLDER_PATH}/Alamofire.framework",
			);
			runOnlyForDeploymentPostprocessing = 0;
			shellPath = /bin/sh;
			shellScript = "\"${SRCROOT}/Pods/Target Support Files/Pods-TripInfo/Pods-TripInfo-frameworks.sh\"\n";
			showEnvVarsInLog = 0;
		};
		A226F5BC5D671CD48696935F /* [CP] Check Pods Manifest.lock */ = {
			isa = PBXShellScriptBuildPhase;
			buildActionMask = 2147483647;
			files = (
			);
			inputPaths = (
				"${PODS_PODFILE_DIR_PATH}/Podfile.lock",
				"${PODS_ROOT}/Manifest.lock",
			);
			name = "[CP] Check Pods Manifest.lock";
			outputPaths = (
				"$(DERIVED_FILE_DIR)/Pods-TripInfo-checkManifestLockResult.txt",
			);
			runOnlyForDeploymentPostprocessing = 0;
			shellPath = /bin/sh;
			shellScript = "diff \"${PODS_PODFILE_DIR_PATH}/Podfile.lock\" \"${PODS_ROOT}/Manifest.lock\" > /dev/null\nif [ $? != 0 ] ; then\n    # print error to STDERR\n    echo \"error: The sandbox is not in sync with the Podfile.lock. Run 'pod install' or update your CocoaPods installation.\" >&2\n    exit 1\nfi\n# This output is used by Xcode 'outputs' to avoid re-running this script phase.\necho \"SUCCESS\" > \"${SCRIPT_OUTPUT_FILE_0}\"\n";
			showEnvVarsInLog = 0;
		};
		C1C04DD0350CF49C240DD897 /* [CP] Check Pods Manifest.lock */ = {
			isa = PBXShellScriptBuildPhase;
			buildActionMask = 2147483647;
			files = (
			);
			inputPaths = (
				"${PODS_PODFILE_DIR_PATH}/Podfile.lock",
				"${PODS_ROOT}/Manifest.lock",
			);
			name = "[CP] Check Pods Manifest.lock";
			outputPaths = (
				"$(DERIVED_FILE_DIR)/Pods-TripInfoTests-checkManifestLockResult.txt",
			);
			runOnlyForDeploymentPostprocessing = 0;
			shellPath = /bin/sh;
			shellScript = "diff \"${PODS_PODFILE_DIR_PATH}/Podfile.lock\" \"${PODS_ROOT}/Manifest.lock\" > /dev/null\nif [ $? != 0 ] ; then\n    # print error to STDERR\n    echo \"error: The sandbox is not in sync with the Podfile.lock. Run 'pod install' or update your CocoaPods installation.\" >&2\n    exit 1\nfi\n# This output is used by Xcode 'outputs' to avoid re-running this script phase.\necho \"SUCCESS\" > \"${SCRIPT_OUTPUT_FILE_0}\"\n";
			showEnvVarsInLog = 0;
		};
/* End PBXShellScriptBuildPhase section */

/* Begin PBXSourcesBuildPhase section */
		2FBD67DF21A5204900C209DC /* Sources */ = {
			isa = PBXSourcesBuildPhase;
			buildActionMask = 2147483647;
			files = (
				2FBD67E921A5204900C209DC /* SelectStationViewController.swift in Sources */,
				2FBD67E721A5204900C209DC /* AppDelegate.swift in Sources */,
				2F658DDC21C3D4BF00906A86 /* StationTableViewCellViewController.swift in Sources */,
			);
			runOnlyForDeploymentPostprocessing = 0;
		};
		2FBD67F321A5204B00C209DC /* Sources */ = {
			isa = PBXSourcesBuildPhase;
			buildActionMask = 2147483647;
			files = (
				2FBD67FC21A5204B00C209DC /* TripInfoTests.swift in Sources */,
			);
			runOnlyForDeploymentPostprocessing = 0;
		};
/* End PBXSourcesBuildPhase section */

/* Begin PBXTargetDependency section */
		2FBD67F921A5204B00C209DC /* PBXTargetDependency */ = {
			isa = PBXTargetDependency;
			target = 2FBD67E221A5204900C209DC /* TripInfo */;
			targetProxy = 2FBD67F821A5204B00C209DC /* PBXContainerItemProxy */;
		};
/* End PBXTargetDependency section */

/* Begin PBXVariantGroup section */
		2FBD67EA21A5204900C209DC /* Main.storyboard */ = {
			isa = PBXVariantGroup;
			children = (
				2FBD67EB21A5204900C209DC /* Base */,
			);
			name = Main.storyboard;
			sourceTree = "<group>";
		};
		2FBD67EF21A5204B00C209DC /* LaunchScreen.storyboard */ = {
			isa = PBXVariantGroup;
			children = (
				2FBD67F021A5204B00C209DC /* Base */,
			);
			name = LaunchScreen.storyboard;
			sourceTree = "<group>";
		};
/* End PBXVariantGroup section */

/* Begin XCBuildConfiguration section */
		2FBD67FE21A5204B00C209DC /* Debug */ = {
			isa = XCBuildConfiguration;
			buildSettings = {
				ALWAYS_SEARCH_USER_PATHS = NO;
				CLANG_ANALYZER_NONNULL = YES;
				CLANG_ANALYZER_NUMBER_OBJECT_CONVERSION = YES_AGGRESSIVE;
				CLANG_CXX_LANGUAGE_STANDARD = "gnu++14";
				CLANG_CXX_LIBRARY = "libc++";
				CLANG_ENABLE_MODULES = YES;
				CLANG_ENABLE_OBJC_ARC = YES;
				CLANG_ENABLE_OBJC_WEAK = YES;
				CLANG_WARN_BLOCK_CAPTURE_AUTORELEASING = YES;
				CLANG_WARN_BOOL_CONVERSION = YES;
				CLANG_WARN_COMMA = YES;
				CLANG_WARN_CONSTANT_CONVERSION = YES;
				CLANG_WARN_DEPRECATED_OBJC_IMPLEMENTATIONS = YES;
				CLANG_WARN_DIRECT_OBJC_ISA_USAGE = YES_ERROR;
				CLANG_WARN_DOCUMENTATION_COMMENTS = YES;
				CLANG_WARN_EMPTY_BODY = YES;
				CLANG_WARN_ENUM_CONVERSION = YES;
				CLANG_WARN_INFINITE_RECURSION = YES;
				CLANG_WARN_INT_CONVERSION = YES;
				CLANG_WARN_NON_LITERAL_NULL_CONVERSION = YES;
				CLANG_WARN_OBJC_IMPLICIT_RETAIN_SELF = YES;
				CLANG_WARN_OBJC_LITERAL_CONVERSION = YES;
				CLANG_WARN_OBJC_ROOT_CLASS = YES_ERROR;
				CLANG_WARN_RANGE_LOOP_ANALYSIS = YES;
				CLANG_WARN_STRICT_PROTOTYPES = YES;
				CLANG_WARN_SUSPICIOUS_MOVE = YES;
				CLANG_WARN_UNGUARDED_AVAILABILITY = YES_AGGRESSIVE;
				CLANG_WARN_UNREACHABLE_CODE = YES;
				CLANG_WARN__DUPLICATE_METHOD_MATCH = YES;
				CODE_SIGN_IDENTITY = "iPhone Developer";
				COPY_PHASE_STRIP = NO;
				DEBUG_INFORMATION_FORMAT = dwarf;
				ENABLE_STRICT_OBJC_MSGSEND = YES;
				ENABLE_TESTABILITY = YES;
				GCC_C_LANGUAGE_STANDARD = gnu11;
				GCC_DYNAMIC_NO_PIC = NO;
				GCC_NO_COMMON_BLOCKS = YES;
				GCC_OPTIMIZATION_LEVEL = 0;
				GCC_PREPROCESSOR_DEFINITIONS = (
					"DEBUG=1",
					"$(inherited)",
				);
				GCC_WARN_64_TO_32_BIT_CONVERSION = YES;
				GCC_WARN_ABOUT_RETURN_TYPE = YES_ERROR;
				GCC_WARN_UNDECLARED_SELECTOR = YES;
				GCC_WARN_UNINITIALIZED_AUTOS = YES_AGGRESSIVE;
				GCC_WARN_UNUSED_FUNCTION = YES;
				GCC_WARN_UNUSED_VARIABLE = YES;
				IPHONEOS_DEPLOYMENT_TARGET = 12.1;
				MTL_ENABLE_DEBUG_INFO = INCLUDE_SOURCE;
				MTL_FAST_MATH = YES;
				ONLY_ACTIVE_ARCH = YES;
				SDKROOT = iphoneos;
				SWIFT_ACTIVE_COMPILATION_CONDITIONS = DEBUG;
				SWIFT_OPTIMIZATION_LEVEL = "-Onone";
			};
			name = Debug;
		};
		2FBD67FF21A5204B00C209DC /* Release */ = {
			isa = XCBuildConfiguration;
			buildSettings = {
				ALWAYS_SEARCH_USER_PATHS = NO;
				CLANG_ANALYZER_NONNULL = YES;
				CLANG_ANALYZER_NUMBER_OBJECT_CONVERSION = YES_AGGRESSIVE;
				CLANG_CXX_LANGUAGE_STANDARD = "gnu++14";
				CLANG_CXX_LIBRARY = "libc++";
				CLANG_ENABLE_MODULES = YES;
				CLANG_ENABLE_OBJC_ARC = YES;
				CLANG_ENABLE_OBJC_WEAK = YES;
				CLANG_WARN_BLOCK_CAPTURE_AUTORELEASING = YES;
				CLANG_WARN_BOOL_CONVERSION = YES;
				CLANG_WARN_COMMA = YES;
				CLANG_WARN_CONSTANT_CONVERSION = YES;
				CLANG_WARN_DEPRECATED_OBJC_IMPLEMENTATIONS = YES;
				CLANG_WARN_DIRECT_OBJC_ISA_USAGE = YES_ERROR;
				CLANG_WARN_DOCUMENTATION_COMMENTS = YES;
				CLANG_WARN_EMPTY_BODY = YES;
				CLANG_WARN_ENUM_CONVERSION = YES;
				CLANG_WARN_INFINITE_RECURSION = YES;
				CLANG_WARN_INT_CONVERSION = YES;
				CLANG_WARN_NON_LITERAL_NULL_CONVERSION = YES;
				CLANG_WARN_OBJC_IMPLICIT_RETAIN_SELF = YES;
				CLANG_WARN_OBJC_LITERAL_CONVERSION = YES;
				CLANG_WARN_OBJC_ROOT_CLASS = YES_ERROR;
				CLANG_WARN_RANGE_LOOP_ANALYSIS = YES;
				CLANG_WARN_STRICT_PROTOTYPES = YES;
				CLANG_WARN_SUSPICIOUS_MOVE = YES;
				CLANG_WARN_UNGUARDED_AVAILABILITY = YES_AGGRESSIVE;
				CLANG_WARN_UNREACHABLE_CODE = YES;
				CLANG_WARN__DUPLICATE_METHOD_MATCH = YES;
				CODE_SIGN_IDENTITY = "iPhone Developer";
				COPY_PHASE_STRIP = NO;
				DEBUG_INFORMATION_FORMAT = "dwarf-with-dsym";
				ENABLE_NS_ASSERTIONS = NO;
				ENABLE_STRICT_OBJC_MSGSEND = YES;
				GCC_C_LANGUAGE_STANDARD = gnu11;
				GCC_NO_COMMON_BLOCKS = YES;
				GCC_WARN_64_TO_32_BIT_CONVERSION = YES;
				GCC_WARN_ABOUT_RETURN_TYPE = YES_ERROR;
				GCC_WARN_UNDECLARED_SELECTOR = YES;
				GCC_WARN_UNINITIALIZED_AUTOS = YES_AGGRESSIVE;
				GCC_WARN_UNUSED_FUNCTION = YES;
				GCC_WARN_UNUSED_VARIABLE = YES;
				IPHONEOS_DEPLOYMENT_TARGET = 12.1;
				MTL_ENABLE_DEBUG_INFO = NO;
				MTL_FAST_MATH = YES;
				SDKROOT = iphoneos;
				SWIFT_COMPILATION_MODE = wholemodule;
				SWIFT_OPTIMIZATION_LEVEL = "-O";
				VALIDATE_PRODUCT = YES;
			};
			name = Release;
		};
		2FBD680121A5204B00C209DC /* Debug */ = {
			isa = XCBuildConfiguration;
			baseConfigurationReference = 0AFB803D5D52E982C97F1A6E /* Pods-TripInfo.debug.xcconfig */;
			buildSettings = {
				ASSETCATALOG_COMPILER_APPICON_NAME = AppIcon;
				CODE_SIGN_STYLE = Automatic;
				INFOPLIST_FILE = TripInfo/Info.plist;
				LD_RUNPATH_SEARCH_PATHS = (
					"$(inherited)",
					"@executable_path/Frameworks",
				);
				PRODUCT_BUNDLE_IDENTIFIER = com.tripinfo.TripInfo;
				PRODUCT_NAME = "$(TARGET_NAME)";
				SWIFT_VERSION = 4.2;
				TARGETED_DEVICE_FAMILY = "1,2";
			};
			name = Debug;
		};
		2FBD680221A5204B00C209DC /* Release */ = {
			isa = XCBuildConfiguration;
			baseConfigurationReference = BFC7E4B925491FE074C65FC8 /* Pods-TripInfo.release.xcconfig */;
			buildSettings = {
				ASSETCATALOG_COMPILER_APPICON_NAME = AppIcon;
				CODE_SIGN_STYLE = Automatic;
				INFOPLIST_FILE = TripInfo/Info.plist;
				LD_RUNPATH_SEARCH_PATHS = (
					"$(inherited)",
					"@executable_path/Frameworks",
				);
				PRODUCT_BUNDLE_IDENTIFIER = com.tripinfo.TripInfo;
				PRODUCT_NAME = "$(TARGET_NAME)";
				SWIFT_VERSION = 4.2;
				TARGETED_DEVICE_FAMILY = "1,2";
			};
			name = Release;
		};
		2FBD680421A5204B00C209DC /* Debug */ = {
			isa = XCBuildConfiguration;
			baseConfigurationReference = E2DA6B1D0338E74B80E1ABC7 /* Pods-TripInfoTests.debug.xcconfig */;
			buildSettings = {
				ALWAYS_EMBED_SWIFT_STANDARD_LIBRARIES = YES;
				BUNDLE_LOADER = "$(TEST_HOST)";
				CODE_SIGN_STYLE = Automatic;
				INFOPLIST_FILE = TripInfoTests/Info.plist;
				LD_RUNPATH_SEARCH_PATHS = (
					"$(inherited)",
					"@executable_path/Frameworks",
					"@loader_path/Frameworks",
				);
				PRODUCT_BUNDLE_IDENTIFIER = com.tripinfo.TripInfoTests;
				PRODUCT_NAME = "$(TARGET_NAME)";
				SWIFT_VERSION = 4.2;
				TARGETED_DEVICE_FAMILY = "1,2";
				TEST_HOST = "$(BUILT_PRODUCTS_DIR)/TripInfo.app/TripInfo";
			};
			name = Debug;
		};
		2FBD680521A5204B00C209DC /* Release */ = {
			isa = XCBuildConfiguration;
			baseConfigurationReference = 6A0B21B0D661C393899F516D /* Pods-TripInfoTests.release.xcconfig */;
			buildSettings = {
				ALWAYS_EMBED_SWIFT_STANDARD_LIBRARIES = YES;
				BUNDLE_LOADER = "$(TEST_HOST)";
				CODE_SIGN_STYLE = Automatic;
				INFOPLIST_FILE = TripInfoTests/Info.plist;
				LD_RUNPATH_SEARCH_PATHS = (
					"$(inherited)",
					"@executable_path/Frameworks",
					"@loader_path/Frameworks",
				);
				PRODUCT_BUNDLE_IDENTIFIER = com.tripinfo.TripInfoTests;
				PRODUCT_NAME = "$(TARGET_NAME)";
				SWIFT_VERSION = 4.2;
				TARGETED_DEVICE_FAMILY = "1,2";
				TEST_HOST = "$(BUILT_PRODUCTS_DIR)/TripInfo.app/TripInfo";
			};
			name = Release;
		};
/* End XCBuildConfiguration section */

/* Begin XCConfigurationList section */
		2FBD67DE21A5204900C209DC /* Build configuration list for PBXProject "TripInfo" */ = {
			isa = XCConfigurationList;
			buildConfigurations = (
				2FBD67FE21A5204B00C209DC /* Debug */,
				2FBD67FF21A5204B00C209DC /* Release */,
			);
			defaultConfigurationIsVisible = 0;
			defaultConfigurationName = Release;
		};
		2FBD680021A5204B00C209DC /* Build configuration list for PBXNativeTarget "TripInfo" */ = {
			isa = XCConfigurationList;
			buildConfigurations = (
				2FBD680121A5204B00C209DC /* Debug */,
				2FBD680221A5204B00C209DC /* Release */,
			);
			defaultConfigurationIsVisible = 0;
			defaultConfigurationName = Release;
		};
		2FBD680321A5204B00C209DC /* Build configuration list for PBXNativeTarget "TripInfoTests" */ = {
			isa = XCConfigurationList;
			buildConfigurations = (
				2FBD680421A5204B00C209DC /* Debug */,
				2FBD680521A5204B00C209DC /* Release */,
			);
			defaultConfigurationIsVisible = 0;
			defaultConfigurationName = Release;
		};
/* End XCConfigurationList section */
	};
	rootObject = 2FBD67DB21A5204900C209DC /* Project object */;
}
